// !$*UTF8*$!
{
	archiveVersion = 1;
	classes = {
	};
	objectVersion = 46;
	objects = {

/* Begin PBXBuildFile section */
		4986C47E7E761E0DA03C2468 /* main.cpp in Sources */ = {isa = PBXBuildFile; fileRef = 4986C9CC554FAE5C61D9EA36 /* main.cpp */; };
/* End PBXBuildFile section */

/* Begin PBXCopyFilesBuildPhase section */
		4986C603F1E694D130F75889 /* CopyFiles */ = {
			isa = PBXCopyFilesBuildPhase;
			buildActionMask = 2147483647;
			dstPath = /usr/share/man/man1/;
			dstSubfolderSpec = 0;
			files = (
			);
			runOnlyForDeploymentPostprocessing = 1;
		};
/* End PBXCopyFilesBuildPhase section */

/* Begin PBXFileReference section */
		4986C0B832E30B9E17FFE3B2 /* Reflector.h */ = {isa = PBXFileReference; fileEncoding = 4; lastKnownFileType = sourcecode.c.h; path = Reflector.h; sourceTree = "<group>"; };
		4986C3CB117EE572ADE2CEAC /* b.rotor */ = {isa = PBXFileReference; lastKnownFileType = file.rotor; path = b.rotor; sourceTree = "<group>"; };
		4986C4436C388A2148E97EB3 /* Machine.h */ = {isa = PBXFileReference; fileEncoding = 4; lastKnownFileType = sourcecode.c.h; path = Machine.h; sourceTree = "<group>"; };
		4986C4562362B3BC428C3FF9 /* Rotor.h */ = {isa = PBXFileReference; fileEncoding = 4; lastKnownFileType = sourcecode.c.h; path = Rotor.h; sourceTree = "<group>"; };
		4986C75240C288372CF370C2 /* r.reflector */ = {isa = PBXFileReference; lastKnownFileType = file.reflector; path = r.reflector; sourceTree = "<group>"; };
		4986C9B4A4EEEC06CF332703 /* a.rotor */ = {isa = PBXFileReference; lastKnownFileType = file.rotor; path = a.rotor; sourceTree = "<group>"; };
		4986C9CC554FAE5C61D9EA36 /* main.cpp */ = {isa = PBXFileReference; lastKnownFileType = sourcecode.cpp.cpp; path = main.cpp; sourceTree = "<group>"; };
		4986CA75122AE30A48D44161 /* c.rotor */ = {isa = PBXFileReference; lastKnownFileType = file.rotor; path = c.rotor; sourceTree = "<group>"; };
		4986CB00D6B3E023727A4B38 /* Plugboard.h */ = {isa = PBXFileReference; fileEncoding = 4; lastKnownFileType = sourcecode.c.h; path = Plugboard.h; sourceTree = "<group>"; };
		4986CBA94FF1122F8650E517 /* p.plug */ = {isa = PBXFileReference; lastKnownFileType = file.plug; path = p.plug; sourceTree = "<group>"; };
		4986CD21C4BA0847B54E5D94 /* Enigma */ = {isa = PBXFileReference; explicitFileType = "compiled.mach-o.executable"; includeInIndex = 0; path = Enigma; sourceTree = BUILT_PRODUCTS_DIR; };
/* End PBXFileReference section */

/* Begin PBXFrameworksBuildPhase section */
		4986C6172643AAEBBE9E3D3C /* Frameworks */ = {
			isa = PBXFrameworksBuildPhase;
			buildActionMask = 2147483647;
			files = (
			);
			runOnlyForDeploymentPostprocessing = 0;
		};
/* End PBXFrameworksBuildPhase section */

/* Begin PBXGroup section */
		4986C04A5F00A70794CF48C8 = {
			isa = PBXGroup;
			children = (
				4986C8EBFA2BCF3BF3C1C82A /* Products */,
				4986C24962F193CA596C14F1 /* Enigma */,
				4986CE66933A8ACCB968D326 /* ConfigFiles */,
			);
			sourceTree = "<group>";
		};
		4986C24962F193CA596C14F1 /* Enigma */ = {
			isa = PBXGroup;
			children = (
				4986C9CC554FAE5C61D9EA36 /* main.cpp */,
				4986C4436C388A2148E97EB3 /* Machine.h */,
				4986C4562362B3BC428C3FF9 /* Rotor.h */,
				4986C0B832E30B9E17FFE3B2 /* Reflector.h */,
				4986CB00D6B3E023727A4B38 /* Plugboard.h */,
			);
			path = Enigma;
			sourceTree = "<group>";
		};
		4986C8EBFA2BCF3BF3C1C82A /* Products */ = {
			isa = PBXGroup;
			children = (
				4986CD21C4BA0847B54E5D94 /* Enigma */,
			);
			name = Products;
			sourceTree = "<group>";
		};
		4986CE66933A8ACCB968D326 /* ConfigFiles */ = {
			isa = PBXGroup;
			children = (
				4986C9B4A4EEEC06CF332703 /* a.rotor */,
				4986C3CB117EE572ADE2CEAC /* b.rotor */,
				4986CA75122AE30A48D44161 /* c.rotor */,
				4986CBA94FF1122F8650E517 /* p.plug */,
				4986C75240C288372CF370C2 /* r.reflector */,
			);
			name = ConfigFiles;
			path = Enigma/ConfigFiles;
			sourceTree = "<group>";
		};
/* End PBXGroup section */

/* Begin PBXNativeTarget section */
		4986CFF00C3287B3F18ED810 /* Enigma */ = {
			isa = PBXNativeTarget;
			buildConfigurationList = 4986C93B00C38C164BBBB800 /* Build configuration list for PBXNativeTarget "Enigma" */;
			buildPhases = (
				4986C1B7103C7DFEF32AB054 /* Sources */,
				4986C6172643AAEBBE9E3D3C /* Frameworks */,
				4986C603F1E694D130F75889 /* CopyFiles */,
			);
			buildRules = (
			);
			dependencies = (
			);
			name = Enigma;
			productName = Enigma;
			productReference = 4986CD21C4BA0847B54E5D94 /* Enigma */;
			productType = "com.apple.product-type.tool";
		};
/* End PBXNativeTarget section */

/* Begin PBXProject section */
		4986CAE940DE3225C92F2F1C /* Project object */ = {
			isa = PBXProject;
			attributes = {
				ORGANIZATIONNAME = "Ethan Welsh";
			};
			buildConfigurationList = 4986C3F95A0FA692D9416198 /* Build configuration list for PBXProject "Enigma" */;
			compatibilityVersion = "Xcode 3.2";
			developmentRegion = English;
			hasScannedForEncodings = 0;
			knownRegions = (
				en,
			);
			mainGroup = 4986C04A5F00A70794CF48C8;
			productRefGroup = 4986C8EBFA2BCF3BF3C1C82A /* Products */;
			projectDirPath = "";
			projectRoot = "";
			targets = (
				4986CFF00C3287B3F18ED810 /* Enigma */,
			);
		};
/* End PBXProject section */

/* Begin PBXSourcesBuildPhase section */
		4986C1B7103C7DFEF32AB054 /* Sources */ = {
			isa = PBXSourcesBuildPhase;
			buildActionMask = 2147483647;
			files = (
				4986C47E7E761E0DA03C2468 /* main.cpp in Sources */,
			);
			runOnlyForDeploymentPostprocessing = 0;
		};
/* End PBXSourcesBuildPhase section */

/* Begin XCBuildConfiguration section */
		4986C75F12EF04DFA2C1861F /* Debug */ = {
			isa = XCBuildConfiguration;
			buildSettings = {
				PRODUCT_NAME = "$(TARGET_NAME)";
			};
			name = Debug;
		};
		4986C8837641F4450F090F2B /* Release */ = {
			isa = XCBuildConfiguration;
			buildSettings = {
				ALWAYS_SEARCH_USER_PATHS = NO;
				CLANG_CXX_LANGUAGE_STANDARD = "gnu++0x";
				CLANG_CXX_LIBRARY = "libc++";
				CLANG_ENABLE_MODULES = YES;
				CLANG_ENABLE_OBJC_ARC = YES;
				CLANG_WARN_BOOL_CONVERSION = YES;
				CLANG_WARN_CONSTANT_CONVERSION = YES;
				CLANG_WARN_DIRECT_OBJC_ISA_USAGE = YES_ERROR;
				CLANG_WARN_EMPTY_BODY = YES;
				CLANG_WARN_ENUM_CONVERSION = YES;
				CLANG_WARN_INT_CONVERSION = YES;
				CLANG_WARN_OBJC_ROOT_CLASS = YES_ERROR;
				CLANG_WARN_UNREACHABLE_CODE = YES;
				CLANG_WARN__DUPLICATE_METHOD_MATCH = YES;
				COPY_PHASE_STRIP = YES;
				DEBUG_INFORMATION_FORMAT = "dwarf-with-dsym";
				ENABLE_NS_ASSERTIONS = NO;
				ENABLE_STRICT_OBJC_MSGSEND = YES;
				GCC_C_LANGUAGE_STANDARD = gnu99;
				GCC_WARN_64_TO_32_BIT_CONVERSION = YES;
				GCC_WARN_ABOUT_RETURN_TYPE = YES_ERROR;
				GCC_WARN_UNDECLARED_SELECTOR = YES;
				GCC_WARN_UNINITIALIZED_AUTOS = YES_AGGRESSIVE;
				GCC_WARN_UNUSED_FUNCTION = YES;
				GCC_WARN_UNUSED_VARIABLE = YES;
				MACOSX_DEPLOYMENT_TARGET = 10.10;
				MTL_ENABLE_DEBUG_INFO = NO;
				SDKROOT = macosx;
			};
			name = Release;
		};
		4986C934AF2104987330C4A6 /* Release */ = {
			isa = XCBuildConfiguration;
			buildSettings = {
				PRODUCT_NAME = "$(TARGET_NAME)";
			};
			name = Release;
		};
		4986CFC20162607D997C1437 /* Debug */ = {
			isa = XCBuildConfiguration;
			buildSettings = {
				ALWAYS_SEARCH_USER_PATHS = NO;
				CLANG_CXX_LANGUAGE_STANDARD = "gnu++0x";
				CLANG_CXX_LIBRARY = "libc++";
				CLANG_ENABLE_MODULES = YES;
				CLANG_ENABLE_OBJC_ARC = YES;
				CLANG_WARN_BOOL_CONVERSION = YES;
				CLANG_WARN_CONSTANT_CONVERSION = YES;
				CLANG_WARN_DIRECT_OBJC_ISA_USAGE = YES_ERROR;
				CLANG_WARN_EMPTY_BODY = YES;
				CLANG_WARN_ENUM_CONVERSION = YES;
				CLANG_WARN_INT_CONVERSION = YES;
				CLANG_WARN_OBJC_ROOT_CLASS = YES_ERROR;
				CLANG_WARN_UNREACHABLE_CODE = YES;
				CLANG_WARN__DUPLICATE_METHOD_MATCH = YES;
				COPY_PHASE_STRIP = NO;
				ENABLE_STRICT_OBJC_MSGSEND = YES;
				GCC_C_LANGUAGE_STANDARD = gnu99;
				GCC_DYNAMIC_NO_PIC = NO;
				GCC_OPTIMIZATION_LEVEL = 0;
				GCC_PREPROCESSOR_DEFINITIONS = (
					"DEBUG=1",
					"$(inherited)",
				);
				GCC_SYMBOLS_PRIVATE_EXTERN = NO;
				GCC_WARN_64_TO_32_BIT_CONVERSION = YES;
				GCC_WARN_ABOUT_RETURN_TYPE = YES_ERROR;
				GCC_WARN_UNDECLARED_SELECTOR = YES;
				GCC_WARN_UNINITIALIZED_AUTOS = YES_AGGRESSIVE;
				GCC_WARN_UNUSED_FUNCTION = YES;
				GCC_WARN_UNUSED_VARIABLE = YES;
				MACOSX_DEPLOYMENT_TARGET = 10.10;
				MTL_ENABLE_DEBUG_INFO = YES;
				ONLY_ACTIVE_ARCH = YES;
				SDKROOT = macosx;
			};
			name = Debug;
		};
/* End XCBuildConfiguration section */

/* Begin XCConfigurationList section */
		4986C3F95A0FA692D9416198 /* Build configuration list for PBXProject "Enigma" */ = {
			isa = XCConfigurationList;
			buildConfigurations = (
				4986CFC20162607D997C1437 /* Debug */,
				4986C8837641F4450F090F2B /* Release */,
			);
			defaultConfigurationIsVisible = 0;
			defaultConfigurationName = Release;
		};
		4986C93B00C38C164BBBB800 /* Build configuration list for PBXNativeTarget "Enigma" */ = {
			isa = XCConfigurationList;
			buildConfigurations = (
				4986C75F12EF04DFA2C1861F /* Debug */,
				4986C934AF2104987330C4A6 /* Release */,
			);
			defaultConfigurationIsVisible = 0;
		};
/* End XCConfigurationList section */
	};
	rootObject = 4986CAE940DE3225C92F2F1C /* Project object */;
}
